
Microsoft Visual Studio Solution File, Format Version 12.00
# Visual Studio Version 16
VisualStudioVersion = 16.0.30413.136
MinimumVisualStudioVersion = 10.0.40219.1
Project("{9A19103F-16F7-4668-BE54-9A1E7A4F7556}") = "PubBase", "PubBase\PubBase.csproj", "{DCF81C9D-3D12-4E01-B412-241C27B87610}"
EndProject
Global
	GlobalSection(SolutionConfigurationPlatforms) = preSolution
		Debug|Any CPU = Debug|Any CPU
		Release|Any CPU = Release|Any CPU
	EndGlobalSection
	GlobalSection(ProjectConfigurationPlatforms) = postSolution
		{DCF81C9D-3D12-4E01-B412-241C27B87610}.Debug|Any CPU.ActiveCfg = Debug|Any CPU
		{DCF81C9D-3D12-4E01-B412-241C27B87610}.Debug|Any CPU.Build.0 = Debug|Any CPU
		{DCF81C9D-3D12-4E01-B412-241C27B87610}.Release|Any CPU.ActiveCfg = Release|Any CPU
		{DCF81C9D-3D12-4E01-B412-241C27B87610}.Release|Any CPU.Build.0 = Release|Any CPU
	EndGlobalSection
	GlobalSection(SolutionProperties) = preSolution
		HideSolutionNode = FALSE
	EndGlobalSection
	GlobalSection(ExtensibilityGlobals) = postSolution
		SolutionGuid = {B11194CF-373A-4F51-8D14-AB03BD41ACE5}
	EndGlobalSection
EndGlobal
